// !$*UTF8*$!
{
	archiveVersion = 1;
	classes = {
	};
	objectVersion = 46;
	objects = {

/* Begin PBXBuildFile section */
		D3EC36B71E790E020084ABBA /* QuickPhotoViewer.swift in Sources */ = {isa = PBXBuildFile; fileRef = D3EC36B61E790E020084ABBA /* QuickPhotoViewer.swift */; };
		D3EC36BD1E791C860084ABBA /* Cartfile in Resources */ = {isa = PBXBuildFile; fileRef = D3EC36BC1E791C860084ABBA /* Cartfile */; };
		D3EC36C01E791DD30084ABBA /* Kingfisher.framework in Frameworks */ = {isa = PBXBuildFile; fileRef = D3EC36BF1E791DD30084ABBA /* Kingfisher.framework */; };
		D3EC36C21E79211E0084ABBA /* QPhoto.swift in Sources */ = {isa = PBXBuildFile; fileRef = D3EC36C11E79211E0084ABBA /* QPhoto.swift */; };
		D3EC36C41E7925130084ABBA /* PhotoViewController.swift in Sources */ = {isa = PBXBuildFile; fileRef = D3EC36C31E7925130084ABBA /* PhotoViewController.swift */; };
		D3EC36C61E7927050084ABBA /* Constants.swift in Sources */ = {isa = PBXBuildFile; fileRef = D3EC36C51E7927050084ABBA /* Constants.swift */; };
		D3EC36C81E7937670084ABBA /* Protocols.swift in Sources */ = {isa = PBXBuildFile; fileRef = D3EC36C71E7937670084ABBA /* Protocols.swift */; };
/* End PBXBuildFile section */

/* Begin PBXFileReference section */
		D3EC368C1E790AF20084ABBA /* QuickPhotoViewer.framework */ = {isa = PBXFileReference; explicitFileType = wrapper.framework; includeInIndex = 0; path = QuickPhotoViewer.framework; sourceTree = BUILT_PRODUCTS_DIR; };
		D3EC36901E790AF20084ABBA /* Info.plist */ = {isa = PBXFileReference; lastKnownFileType = text.plist.xml; path = Info.plist; sourceTree = "<group>"; };
		D3EC36B61E790E020084ABBA /* QuickPhotoViewer.swift */ = {isa = PBXFileReference; fileEncoding = 4; lastKnownFileType = sourcecode.swift; path = QuickPhotoViewer.swift; sourceTree = "<group>"; };
		D3EC36BC1E791C860084ABBA /* Cartfile */ = {isa = PBXFileReference; fileEncoding = 4; lastKnownFileType = text; path = Cartfile; sourceTree = SOURCE_ROOT; };
		D3EC36BF1E791DD30084ABBA /* Kingfisher.framework */ = {isa = PBXFileReference; lastKnownFileType = wrapper.framework; name = Kingfisher.framework; path = Carthage/Build/iOS/Kingfisher.framework; sourceTree = "<group>"; };
		D3EC36C11E79211E0084ABBA /* QPhoto.swift */ = {isa = PBXFileReference; fileEncoding = 4; lastKnownFileType = sourcecode.swift; path = QPhoto.swift; sourceTree = "<group>"; };
		D3EC36C31E7925130084ABBA /* PhotoViewController.swift */ = {isa = PBXFileReference; fileEncoding = 4; lastKnownFileType = sourcecode.swift; path = PhotoViewController.swift; sourceTree = "<group>"; };
		D3EC36C51E7927050084ABBA /* Constants.swift */ = {isa = PBXFileReference; fileEncoding = 4; lastKnownFileType = sourcecode.swift; path = Constants.swift; sourceTree = "<group>"; };
		D3EC36C71E7937670084ABBA /* Protocols.swift */ = {isa = PBXFileReference; fileEncoding = 4; lastKnownFileType = sourcecode.swift; path = Protocols.swift; sourceTree = "<group>"; };
/* End PBXFileReference section */

/* Begin PBXFrameworksBuildPhase section */
		D3EC36881E790AF20084ABBA /* Frameworks */ = {
			isa = PBXFrameworksBuildPhase;
			buildActionMask = 2147483647;
			files = (
				D3EC36C01E791DD30084ABBA /* Kingfisher.framework in Frameworks */,
			);
			runOnlyForDeploymentPostprocessing = 0;
		};
/* End PBXFrameworksBuildPhase section */

/* Begin PBXGroup section */
		D3EC36821E790AF20084ABBA = {
			isa = PBXGroup;
			children = (
				D3EC368E1E790AF20084ABBA /* QuickPhotoViewer */,
				D3EC36B51E790D9A0084ABBA /* Supporting Files */,
				D3EC368D1E790AF20084ABBA /* Products */,
				D3EC36BE1E791DD30084ABBA /* Frameworks */,
			);
			sourceTree = "<group>";
		};
		D3EC368D1E790AF20084ABBA /* Products */ = {
			isa = PBXGroup;
			children = (
				D3EC368C1E790AF20084ABBA /* QuickPhotoViewer.framework */,
			);
			name = Products;
			sourceTree = "<group>";
		};
		D3EC368E1E790AF20084ABBA /* QuickPhotoViewer */ = {
			isa = PBXGroup;
			children = (
				D3EC36C71E7937670084ABBA /* Protocols.swift */,
				D3EC36C11E79211E0084ABBA /* QPhoto.swift */,
				D3EC36B61E790E020084ABBA /* QuickPhotoViewer.swift */,
				D3EC36C31E7925130084ABBA /* PhotoViewController.swift */,
				D3EC36C51E7927050084ABBA /* Constants.swift */,
			);
			path = QuickPhotoViewer;
			sourceTree = "<group>";
		};
		D3EC36B51E790D9A0084ABBA /* Supporting Files */ = {
			isa = PBXGroup;
			children = (
				D3EC36901E790AF20084ABBA /* Info.plist */,
				D3EC36BC1E791C860084ABBA /* Cartfile */,
			);
			name = "Supporting Files";
			path = "QuickPhotoViewer/Supporting Files";
			sourceTree = "<group>";
		};
		D3EC36BE1E791DD30084ABBA /* Frameworks */ = {
			isa = PBXGroup;
			children = (
				D3EC36BF1E791DD30084ABBA /* Kingfisher.framework */,
			);
			name = Frameworks;
			sourceTree = "<group>";
		};
/* End PBXGroup section */

/* Begin PBXHeadersBuildPhase section */
		D3EC36891E790AF20084ABBA /* Headers */ = {
			isa = PBXHeadersBuildPhase;
			buildActionMask = 2147483647;
			files = (
			);
			runOnlyForDeploymentPostprocessing = 0;
		};
/* End PBXHeadersBuildPhase section */

/* Begin PBXNativeTarget section */
		D3EC368B1E790AF20084ABBA /* QuickPhotoViewer */ = {
			isa = PBXNativeTarget;
			buildConfigurationList = D3EC36941E790AF20084ABBA /* Build configuration list for PBXNativeTarget "QuickPhotoViewer" */;
			buildPhases = (
				D3EC36871E790AF20084ABBA /* Sources */,
				D3EC36881E790AF20084ABBA /* Frameworks */,
				D3EC36891E790AF20084ABBA /* Headers */,
				D3EC368A1E790AF20084ABBA /* Resources */,
			);
			buildRules = (
			);
			dependencies = (
			);
			name = QuickPhotoViewer;
			productName = QuickPhotoViewer;
			productReference = D3EC368C1E790AF20084ABBA /* QuickPhotoViewer.framework */;
			productType = "com.apple.product-type.framework";
		};
/* End PBXNativeTarget section */

/* Begin PBXProject section */
		D3EC36831E790AF20084ABBA /* Project object */ = {
			isa = PBXProject;
			attributes = {
				LastUpgradeCheck = 0820;
				ORGANIZATIONNAME = Teambition;
				TargetAttributes = {
					D3EC368B1E790AF20084ABBA = {
						CreatedOnToolsVersion = 8.2.1;
						LastSwiftMigration = 0820;
						ProvisioningStyle = Manual;
					};
				};
			};
			buildConfigurationList = D3EC36861E790AF20084ABBA /* Build configuration list for PBXProject "QuickPhotoViewer" */;
			compatibilityVersion = "Xcode 3.2";
			developmentRegion = English;
			hasScannedForEncodings = 0;
			knownRegions = (
				en,
			);
			mainGroup = D3EC36821E790AF20084ABBA;
			productRefGroup = D3EC368D1E790AF20084ABBA /* Products */;
			projectDirPath = "";
			projectRoot = "";
			targets = (
				D3EC368B1E790AF20084ABBA /* QuickPhotoViewer */,
			);
		};
/* End PBXProject section */

/* Begin PBXResourcesBuildPhase section */
		D3EC368A1E790AF20084ABBA /* Resources */ = {
			isa = PBXResourcesBuildPhase;
			buildActionMask = 2147483647;
			files = (
				D3EC36BD1E791C860084ABBA /* Cartfile in Resources */,
			);
			runOnlyForDeploymentPostprocessing = 0;
		};
/* End PBXResourcesBuildPhase section */

/* Begin PBXSourcesBuildPhase section */
		D3EC36871E790AF20084ABBA /* Sources */ = {
			isa = PBXSourcesBuildPhase;
			buildActionMask = 2147483647;
			files = (
				D3EC36C21E79211E0084ABBA /* QPhoto.swift in Sources */,
				D3EC36B71E790E020084ABBA /* QuickPhotoViewer.swift in Sources */,
				D3EC36C81E7937670084ABBA /* Protocols.swift in Sources */,
				D3EC36C41E7925130084ABBA /* PhotoViewController.swift in Sources */,
				D3EC36C61E7927050084ABBA /* Constants.swift in Sources */,
			);
			runOnlyForDeploymentPostprocessing = 0;
		};
/* End PBXSourcesBuildPhase section */

/* Begin XCBuildConfiguration section */
		D3EC36921E790AF20084ABBA /* Debug */ = {
			isa = XCBuildConfiguration;
			buildSettings = {
				ALWAYS_SEARCH_USER_PATHS = NO;
				CLANG_ANALYZER_NONNULL = YES;
				CLANG_CXX_LANGUAGE_STANDARD = "gnu++0x";
				CLANG_CXX_LIBRARY = "libc++";
				CLANG_ENABLE_MODULES = YES;
				CLANG_ENABLE_OBJC_ARC = YES;
				CLANG_WARN_BOOL_CONVERSION = YES;
				CLANG_WARN_CONSTANT_CONVERSION = YES;
				CLANG_WARN_DIRECT_OBJC_ISA_USAGE = YES_ERROR;
				CLANG_WARN_DOCUMENTATION_COMMENTS = YES;
				CLANG_WARN_EMPTY_BODY = YES;
				CLANG_WARN_ENUM_CONVERSION = YES;
				CLANG_WARN_INFINITE_RECURSION = YES;
				CLANG_WARN_INT_CONVERSION = YES;
				CLANG_WARN_OBJC_ROOT_CLASS = YES_ERROR;
				CLANG_WARN_SUSPICIOUS_MOVE = YES;
				CLANG_WARN_UNREACHABLE_CODE = YES;
				CLANG_WARN__DUPLICATE_METHOD_MATCH = YES;
				"CODE_SIGN_IDENTITY[sdk=iphoneos*]" = "iPhone Developer";
				COPY_PHASE_STRIP = NO;
				CURRENT_PROJECT_VERSION = 1;
				DEBUG_INFORMATION_FORMAT = dwarf;
				ENABLE_STRICT_OBJC_MSGSEND = YES;
				ENABLE_TESTABILITY = YES;
				GCC_C_LANGUAGE_STANDARD = gnu99;
				GCC_DYNAMIC_NO_PIC = NO;
				GCC_NO_COMMON_BLOCKS = YES;
				GCC_OPTIMIZATION_LEVEL = 0;
				GCC_PREPROCESSOR_DEFINITIONS = (
					"DEBUG=1",
					"$(inherited)",
				);
				GCC_WARN_64_TO_32_BIT_CONVERSION = YES;
				GCC_WARN_ABOUT_RETURN_TYPE = YES_ERROR;
				GCC_WARN_UNDECLARED_SELECTOR = YES;
				GCC_WARN_UNINITIALIZED_AUTOS = YES_AGGRESSIVE;
				GCC_WARN_UNUSED_FUNCTION = YES;
				GCC_WARN_UNUSED_VARIABLE = YES;
				IPHONEOS_DEPLOYMENT_TARGET = 8.0;
				MTL_ENABLE_DEBUG_INFO = YES;
				ONLY_ACTIVE_ARCH = YES;
				SDKROOT = iphoneos;
				SWIFT_ACTIVE_COMPILATION_CONDITIONS = DEBUG;
				SWIFT_OPTIMIZATION_LEVEL = "-Onone";
				TARGETED_DEVICE_FAMILY = "1,2";
				VERSIONING_SYSTEM = "apple-generic";
				VERSION_INFO_PREFIX = "";
			};
			name = Debug;
		};
		D3EC36931E790AF20084ABBA /* Release */ = {
			isa = XCBuildConfiguration;
			buildSettings = {
				ALWAYS_SEARCH_USER_PATHS = NO;
				CLANG_ANALYZER_NONNULL = YES;
				CLANG_CXX_LANGUAGE_STANDARD = "gnu++0x";
				CLANG_CXX_LIBRARY = "libc++";
				CLANG_ENABLE_MODULES = YES;
				CLANG_ENABLE_OBJC_ARC = YES;
				CLANG_WARN_BOOL_CONVERSION = YES;
				CLANG_WARN_CONSTANT_CONVERSION = YES;
				CLANG_WARN_DIRECT_OBJC_ISA_USAGE = YES_ERROR;
				CLANG_WARN_DOCUMENTATION_COMMENTS = YES;
				CLANG_WARN_EMPTY_BODY = YES;
				CLANG_WARN_ENUM_CONVERSION = YES;
				CLANG_WARN_INFINITE_RECURSION = YES;
				CLANG_WARN_INT_CONVERSION = YES;
				CLANG_WARN_OBJC_ROOT_CLASS = YES_ERROR;
				CLANG_WARN_SUSPICIOUS_MOVE = YES;
				CLANG_WARN_UNREACHABLE_CODE = YES;
				CLANG_WARN__DUPLICATE_METHOD_MATCH = YES;
				"CODE_SIGN_IDENTITY[sdk=iphoneos*]" = "iPhone Developer";
				COPY_PHASE_STRIP = NO;
				CURRENT_PROJECT_VERSION = 1;
				DEBUG_INFORMATION_FORMAT = "dwarf-with-dsym";
				ENABLE_NS_ASSERTIONS = NO;
				ENABLE_STRICT_OBJC_MSGSEND = YES;
				GCC_C_LANGUAGE_STANDARD = gnu99;
				GCC_NO_COMMON_BLOCKS = YES;
				GCC_WARN_64_TO_32_BIT_CONVERSION = YES;
				GCC_WARN_ABOUT_RETURN_TYPE = YES_ERROR;
				GCC_WARN_UNDECLARED_SELECTOR = YES;
				GCC_WARN_UNINITIALIZED_AUTOS = YES_AGGRESSIVE;
				GCC_WARN_UNUSED_FUNCTION = YES;
				GCC_WARN_UNUSED_VARIABLE = YES;
				IPHONEOS_DEPLOYMENT_TARGET = 8.0;
				MTL_ENABLE_DEBUG_INFO = NO;
				SDKROOT = iphoneos;
				SWIFT_OPTIMIZATION_LEVEL = "-Owholemodule";
				TARGETED_DEVICE_FAMILY = "1,2";
				VALIDATE_PRODUCT = YES;
				VERSIONING_SYSTEM = "apple-generic";
				VERSION_INFO_PREFIX = "";
			};
			name = Release;
		};
		D3EC36951E790AF20084ABBA /* Debug */ = {
			isa = XCBuildConfiguration;
			buildSettings = {
				CLANG_ENABLE_MODULES = YES;
				CODE_SIGN_IDENTITY = "";
				DEFINES_MODULE = YES;
				DEVELOPMENT_TEAM = "";
				DYLIB_COMPATIBILITY_VERSION = 1;
				DYLIB_CURRENT_VERSION = 1;
				DYLIB_INSTALL_NAME_BASE = "@rpath";
				FRAMEWORK_SEARCH_PATHS = (
					"$(inherited)",
					"$(PROJECT_DIR)/Carthage/Build/iOS",
				);
				INFOPLIST_FILE = "$(SRCROOT)/QuickPhotoViewer/Supporting Files/Info.plist";
				INSTALL_PATH = "$(LOCAL_LIBRARY_DIR)/Frameworks";
				LD_RUNPATH_SEARCH_PATHS = "$(inherited) @executable_path/Frameworks @loader_path/Frameworks";
				PRODUCT_BUNDLE_IDENTIFIER = Teambition.QuickPhotoViewer;
				PRODUCT_NAME = "$(TARGET_NAME)";
				SKIP_INSTALL = YES;
				SWIFT_OPTIMIZATION_LEVEL = "-Onone";
				SWIFT_VERSION = 3.0;
			};
			name = Debug;
		};
		D3EC36961E790AF20084ABBA /* Release */ = {
			isa = XCBuildConfiguration;
			buildSettings = {
				CLANG_ENABLE_MODULES = YES;
				CODE_SIGN_IDENTITY = "";
				DEFINES_MODULE = YES;
				DEVELOPMENT_TEAM = "";
				DYLIB_COMPATIBILITY_VERSION = 1;
				DYLIB_CURRENT_VERSION = 1;
				DYLIB_INSTALL_NAME_BASE = "@rpath";
				FRAMEWORK_SEARCH_PATHS = (
					"$(inherited)",
					"$(PROJECT_DIR)/Carthage/Build/iOS",
				);
				INFOPLIST_FILE = "$(SRCROOT)/QuickPhotoViewer/Supporting Files/Info.plist";
				INSTALL_PATH = "$(LOCAL_LIBRARY_DIR)/Frameworks";
				LD_RUNPATH_SEARCH_PATHS = "$(inherited) @executable_path/Frameworks @loader_path/Frameworks";
				PRODUCT_BUNDLE_IDENTIFIER = Teambition.QuickPhotoViewer;
				PRODUCT_NAME = "$(TARGET_NAME)";
				SKIP_INSTALL = YES;
				SWIFT_VERSION = 3.0;
			};
			name = Release;
		};
/* End XCBuildConfiguration section */

/* Begin XCConfigurationList section */
		D3EC36861E790AF20084ABBA /* Build configuration list for PBXProject "QuickPhotoViewer" */ = {
			isa = XCConfigurationList;
			buildConfigurations = (
				D3EC36921E790AF20084ABBA /* Debug */,
				D3EC36931E790AF20084ABBA /* Release */,
			);
			defaultConfigurationIsVisible = 0;
			defaultConfigurationName = Release;
		};
		D3EC36941E790AF20084ABBA /* Build configuration list for PBXNativeTarget "QuickPhotoViewer" */ = {
			isa = XCConfigurationList;
			buildConfigurations = (
				D3EC36951E790AF20084ABBA /* Debug */,
				D3EC36961E790AF20084ABBA /* Release */,
			);
			defaultConfigurationIsVisible = 0;
			defaultConfigurationName = Release;
		};
/* End XCConfigurationList section */
	};
	rootObject = D3EC36831E790AF20084ABBA /* Project object */;
}
